
Microsoft Visual Studio Solution File, Format Version 12.00
# Visual Studio Version 17
VisualStudioVersion = 17.3.32929.385
MinimumVisualStudioVersion = 10.0.40219.1
Project("{9A19103F-16F7-4668-BE54-9A1E7A4F7556}") = "Xania.DevHost", "Xania.DevHost.csproj", "{F19100F8-57ED-42AE-A62E-335ABA93B99D}"
EndProject
Project("{9A19103F-16F7-4668-BE54-9A1E7A4F7556}") = "Xania.Functions", "..\..\functions\Xania.Functions.csproj", "{773BC435-754C-49E4-B3F0-052B4E257FE3}"
EndProject
Global
	GlobalSection(SolutionConfigurationPlatforms) = preSolution
		Debug|Any CPU = Debug|Any CPU
		Release|Any CPU = Release|Any CPU
	EndGlobalSection
	GlobalSection(ProjectConfigurationPlatforms) = postSolution
		{F19100F8-57ED-42AE-A62E-335ABA93B99D}.Debug|Any CPU.ActiveCfg = Debug|Any CPU
		{F19100F8-57ED-42AE-A62E-335ABA93B99D}.Debug|Any CPU.Build.0 = Debug|Any CPU
		{F19100F8-57ED-42AE-A62E-335ABA93B99D}.Release|Any CPU.ActiveCfg = Release|Any CPU
		{F19100F8-57ED-42AE-A62E-335ABA93B99D}.Release|Any CPU.Build.0 = Release|Any CPU
		{773BC435-754C-49E4-B3F0-052B4E257FE3}.Debug|Any CPU.ActiveCfg = Debug|Any CPU
		{773BC435-754C-49E4-B3F0-052B4E257FE3}.Debug|Any CPU.Build.0 = Debug|Any CPU
		{773BC435-754C-49E4-B3F0-052B4E257FE3}.Release|Any CPU.ActiveCfg = Release|Any CPU
		{773BC435-754C-49E4-B3F0-052B4E257FE3}.Release|Any CPU.Build.0 = Release|Any CPU
	EndGlobalSection
	GlobalSection(SolutionProperties) = preSolution
		HideSolutionNode = FALSE
	EndGlobalSection
	GlobalSection(ExtensibilityGlobals) = postSolution
		SolutionGuid = {50F7D8FF-7EC4-4430-9B54-28DD82490217}
	EndGlobalSection
EndGlobal
