
Microsoft Visual Studio Solution File, Format Version 12.00
# Visual Studio Version 17
VisualStudioVersion = 17.3.32929.385
MinimumVisualStudioVersion = 10.0.40219.1
Project("{9A19103F-16F7-4668-BE54-9A1E7A4F7556}") = "Xania.DevHost", "Xania.DevHost.csproj", "{F19100F8-57ED-42AE-A62E-335ABA93B99D}"
EndProject
Project("{9A19103F-16F7-4668-BE54-9A1E7A4F7556}") = "Xania.Functions", "..\..\functions\Xania.Functions.csproj", "{773BC435-754C-49E4-B3F0-052B4E257FE3}"
EndProject
Project("{2150E333-8FDC-42A3-9474-1A3956D46DE8}") = "REM", "REM", "{3739A842-7A74-452B-84C6-943E90A649AD}"
EndProject
Project("{9A19103F-16F7-4668-BE54-9A1E7A4F7556}") = "Silo.Application", "..\..\..\Api\src\Silo.Application\Silo.Application.csproj", "{75B12739-1F09-48C2-89EB-D91A4B536044}"
EndProject
Project("{9A19103F-16F7-4668-BE54-9A1E7A4F7556}") = "Api.Application", "..\..\..\Api\src\Api.Application\Api.Application.csproj", "{CC4035DB-DEE2-44A3-A490-EB3D2B04F2F9}"
EndProject
Project("{9A19103F-16F7-4668-BE54-9A1E7A4F7556}") = "Infrastructure", "..\..\..\Api\src\Infrastructure\Infrastructure.csproj", "{0A3FEA94-4DC1-4D5E-B311-76423D02CBF3}"
EndProject
Project("{9A19103F-16F7-4668-BE54-9A1E7A4F7556}") = "Domain", "..\..\..\Api\src\Domain\Domain.csproj", "{09134451-353A-483B-841F-ED4C5EDA655D}"
EndProject
Project("{9A19103F-16F7-4668-BE54-9A1E7A4F7556}") = "Api", "..\..\..\Api\src\Api\Api.csproj", "{DD3CA132-6B92-42A1-A71C-8B6180B8BD9F}"
EndProject
Project("{9A19103F-16F7-4668-BE54-9A1E7A4F7556}") = "Silo", "..\..\..\Api\src\Silo\Silo.csproj", "{E8BCCDBE-355E-4D17-90F8-7616939E8CBF}"
EndProject
Project("{9A19103F-16F7-4668-BE54-9A1E7A4F7556}") = "Application.Core", "..\..\..\Api\src\Application.Core\Application.Core.csproj", "{49337A4A-AB2C-48F9-826F-4B01C9F35234}"
EndProject
Global
	GlobalSection(SolutionConfigurationPlatforms) = preSolution
		Debug|Any CPU = Debug|Any CPU
		Release|Any CPU = Release|Any CPU
	EndGlobalSection
	GlobalSection(ProjectConfigurationPlatforms) = postSolution
		{F19100F8-57ED-42AE-A62E-335ABA93B99D}.Debug|Any CPU.ActiveCfg = Debug|Any CPU
		{F19100F8-57ED-42AE-A62E-335ABA93B99D}.Debug|Any CPU.Build.0 = Debug|Any CPU
		{F19100F8-57ED-42AE-A62E-335ABA93B99D}.Release|Any CPU.ActiveCfg = Release|Any CPU
		{F19100F8-57ED-42AE-A62E-335ABA93B99D}.Release|Any CPU.Build.0 = Release|Any CPU
		{773BC435-754C-49E4-B3F0-052B4E257FE3}.Debug|Any CPU.ActiveCfg = Debug|Any CPU
		{773BC435-754C-49E4-B3F0-052B4E257FE3}.Debug|Any CPU.Build.0 = Debug|Any CPU
		{773BC435-754C-49E4-B3F0-052B4E257FE3}.Release|Any CPU.ActiveCfg = Release|Any CPU
		{773BC435-754C-49E4-B3F0-052B4E257FE3}.Release|Any CPU.Build.0 = Release|Any CPU
		{75B12739-1F09-48C2-89EB-D91A4B536044}.Debug|Any CPU.ActiveCfg = Debug|Any CPU
		{75B12739-1F09-48C2-89EB-D91A4B536044}.Debug|Any CPU.Build.0 = Debug|Any CPU
		{75B12739-1F09-48C2-89EB-D91A4B536044}.Release|Any CPU.ActiveCfg = Release|Any CPU
		{75B12739-1F09-48C2-89EB-D91A4B536044}.Release|Any CPU.Build.0 = Release|Any CPU
		{CC4035DB-DEE2-44A3-A490-EB3D2B04F2F9}.Debug|Any CPU.ActiveCfg = Debug|Any CPU
		{CC4035DB-DEE2-44A3-A490-EB3D2B04F2F9}.Debug|Any CPU.Build.0 = Debug|Any CPU
		{CC4035DB-DEE2-44A3-A490-EB3D2B04F2F9}.Release|Any CPU.ActiveCfg = Release|Any CPU
		{CC4035DB-DEE2-44A3-A490-EB3D2B04F2F9}.Release|Any CPU.Build.0 = Release|Any CPU
		{0A3FEA94-4DC1-4D5E-B311-76423D02CBF3}.Debug|Any CPU.ActiveCfg = Debug|Any CPU
		{0A3FEA94-4DC1-4D5E-B311-76423D02CBF3}.Debug|Any CPU.Build.0 = Debug|Any CPU
		{0A3FEA94-4DC1-4D5E-B311-76423D02CBF3}.Release|Any CPU.ActiveCfg = Release|Any CPU
		{0A3FEA94-4DC1-4D5E-B311-76423D02CBF3}.Release|Any CPU.Build.0 = Release|Any CPU
		{09134451-353A-483B-841F-ED4C5EDA655D}.Debug|Any CPU.ActiveCfg = Debug|Any CPU
		{09134451-353A-483B-841F-ED4C5EDA655D}.Debug|Any CPU.Build.0 = Debug|Any CPU
		{09134451-353A-483B-841F-ED4C5EDA655D}.Release|Any CPU.ActiveCfg = Release|Any CPU
		{09134451-353A-483B-841F-ED4C5EDA655D}.Release|Any CPU.Build.0 = Release|Any CPU
		{DD3CA132-6B92-42A1-A71C-8B6180B8BD9F}.Debug|Any CPU.ActiveCfg = Debug|Any CPU
		{DD3CA132-6B92-42A1-A71C-8B6180B8BD9F}.Debug|Any CPU.Build.0 = Debug|Any CPU
		{DD3CA132-6B92-42A1-A71C-8B6180B8BD9F}.Release|Any CPU.ActiveCfg = Release|Any CPU
		{DD3CA132-6B92-42A1-A71C-8B6180B8BD9F}.Release|Any CPU.Build.0 = Release|Any CPU
		{E8BCCDBE-355E-4D17-90F8-7616939E8CBF}.Debug|Any CPU.ActiveCfg = Debug|Any CPU
		{E8BCCDBE-355E-4D17-90F8-7616939E8CBF}.Debug|Any CPU.Build.0 = Debug|Any CPU
		{E8BCCDBE-355E-4D17-90F8-7616939E8CBF}.Release|Any CPU.ActiveCfg = Release|Any CPU
		{E8BCCDBE-355E-4D17-90F8-7616939E8CBF}.Release|Any CPU.Build.0 = Release|Any CPU
		{49337A4A-AB2C-48F9-826F-4B01C9F35234}.Debug|Any CPU.ActiveCfg = Debug|Any CPU
		{49337A4A-AB2C-48F9-826F-4B01C9F35234}.Debug|Any CPU.Build.0 = Debug|Any CPU
		{49337A4A-AB2C-48F9-826F-4B01C9F35234}.Release|Any CPU.ActiveCfg = Release|Any CPU
		{49337A4A-AB2C-48F9-826F-4B01C9F35234}.Release|Any CPU.Build.0 = Release|Any CPU
	EndGlobalSection
	GlobalSection(SolutionProperties) = preSolution
		HideSolutionNode = FALSE
	EndGlobalSection
	GlobalSection(NestedProjects) = preSolution
		{75B12739-1F09-48C2-89EB-D91A4B536044} = {3739A842-7A74-452B-84C6-943E90A649AD}
		{CC4035DB-DEE2-44A3-A490-EB3D2B04F2F9} = {3739A842-7A74-452B-84C6-943E90A649AD}
		{0A3FEA94-4DC1-4D5E-B311-76423D02CBF3} = {3739A842-7A74-452B-84C6-943E90A649AD}
		{09134451-353A-483B-841F-ED4C5EDA655D} = {3739A842-7A74-452B-84C6-943E90A649AD}
		{DD3CA132-6B92-42A1-A71C-8B6180B8BD9F} = {3739A842-7A74-452B-84C6-943E90A649AD}
		{E8BCCDBE-355E-4D17-90F8-7616939E8CBF} = {3739A842-7A74-452B-84C6-943E90A649AD}
		{49337A4A-AB2C-48F9-826F-4B01C9F35234} = {3739A842-7A74-452B-84C6-943E90A649AD}
	EndGlobalSection
	GlobalSection(ExtensibilityGlobals) = postSolution
		SolutionGuid = {50F7D8FF-7EC4-4430-9B54-28DD82490217}
	EndGlobalSection
EndGlobal
